
Microsoft Visual Studio Solution File, Format Version 12.00
# Visual Studio Version 16
VisualStudioVersion = 16.0.28803.352
MinimumVisualStudioVersion = 10.0.40219.1
Project("{FAE04EC0-301F-11D3-BF4B-00C04F79EFBC}") = "Wantsome-Week-5", "Wantsome-Week-5.csproj", "{45FB7972-8A48-4361-AA08-403960F10432}"
EndProject
Project("{FAE04EC0-301F-11D3-BF4B-00C04F79EFBC}") = "Interfaces1", "..\Interfaces1\Interfaces1.csproj", "{92CF5EF3-6DC7-4A5E-9D27-0FE1DF3900B9}"
EndProject
Project("{FAE04EC0-301F-11D3-BF4B-00C04F79EFBC}") = "AbstractClasses", "..\AbstractClasses\AbstractClasses.csproj", "{9C7DC3FF-8EEA-4446-9460-67749C7937AA}"
EndProject
Project("{2150E333-8FDC-42A3-9474-1A3956D46DE8}") = "Solution Items", "Solution Items", "{D6C96B3A-CE11-4376-A840-C402ED7F5FA6}"
	ProjectSection(SolutionItems) = preProject
		IODS.dll = IODS.dll
	EndProjectSection
EndProject
Project("{FAE04EC0-301F-11D3-BF4B-00C04F79EFBC}") = "SchoolClasses", "..\SchoolClasses\SchoolClasses.csproj", "{68ACCB9C-A010-487C-982E-8A7C13832FFE}"
EndProject
Project("{FAE04EC0-301F-11D3-BF4B-00C04F79EFBC}") = "AnimalHierarchy", "..\AnimalHierarchy\AnimalHierarchy.csproj", "{BDFA7729-CCC7-4A00-B0E7-22920D7CCC4B}"
EndProject
Project("{FAE04EC0-301F-11D3-BF4B-00C04F79EFBC}") = "Polymorphism1", "..\Polymorphism1\Polymorphism1.csproj", "{DF3B0175-E91D-4EE5-AB10-BE73E6D51D3C}"
EndProject
Global
	GlobalSection(SolutionConfigurationPlatforms) = preSolution
		Debug|Any CPU = Debug|Any CPU
		Release|Any CPU = Release|Any CPU
	EndGlobalSection
	GlobalSection(ProjectConfigurationPlatforms) = postSolution
		{45FB7972-8A48-4361-AA08-403960F10432}.Debug|Any CPU.ActiveCfg = Debug|Any CPU
		{45FB7972-8A48-4361-AA08-403960F10432}.Debug|Any CPU.Build.0 = Debug|Any CPU
		{45FB7972-8A48-4361-AA08-403960F10432}.Release|Any CPU.ActiveCfg = Release|Any CPU
		{45FB7972-8A48-4361-AA08-403960F10432}.Release|Any CPU.Build.0 = Release|Any CPU
		{92CF5EF3-6DC7-4A5E-9D27-0FE1DF3900B9}.Debug|Any CPU.ActiveCfg = Debug|Any CPU
		{92CF5EF3-6DC7-4A5E-9D27-0FE1DF3900B9}.Debug|Any CPU.Build.0 = Debug|Any CPU
		{92CF5EF3-6DC7-4A5E-9D27-0FE1DF3900B9}.Release|Any CPU.ActiveCfg = Release|Any CPU
		{92CF5EF3-6DC7-4A5E-9D27-0FE1DF3900B9}.Release|Any CPU.Build.0 = Release|Any CPU
		{9C7DC3FF-8EEA-4446-9460-67749C7937AA}.Debug|Any CPU.ActiveCfg = Debug|Any CPU
		{9C7DC3FF-8EEA-4446-9460-67749C7937AA}.Debug|Any CPU.Build.0 = Debug|Any CPU
		{9C7DC3FF-8EEA-4446-9460-67749C7937AA}.Release|Any CPU.ActiveCfg = Release|Any CPU
		{9C7DC3FF-8EEA-4446-9460-67749C7937AA}.Release|Any CPU.Build.0 = Release|Any CPU
		{68ACCB9C-A010-487C-982E-8A7C13832FFE}.Debug|Any CPU.ActiveCfg = Debug|Any CPU
		{68ACCB9C-A010-487C-982E-8A7C13832FFE}.Debug|Any CPU.Build.0 = Debug|Any CPU
		{68ACCB9C-A010-487C-982E-8A7C13832FFE}.Release|Any CPU.ActiveCfg = Release|Any CPU
		{68ACCB9C-A010-487C-982E-8A7C13832FFE}.Release|Any CPU.Build.0 = Release|Any CPU
		{BDFA7729-CCC7-4A00-B0E7-22920D7CCC4B}.Debug|Any CPU.ActiveCfg = Debug|Any CPU
		{BDFA7729-CCC7-4A00-B0E7-22920D7CCC4B}.Debug|Any CPU.Build.0 = Debug|Any CPU
		{BDFA7729-CCC7-4A00-B0E7-22920D7CCC4B}.Release|Any CPU.ActiveCfg = Release|Any CPU
		{BDFA7729-CCC7-4A00-B0E7-22920D7CCC4B}.Release|Any CPU.Build.0 = Release|Any CPU
		{DF3B0175-E91D-4EE5-AB10-BE73E6D51D3C}.Debug|Any CPU.ActiveCfg = Debug|Any CPU
		{DF3B0175-E91D-4EE5-AB10-BE73E6D51D3C}.Debug|Any CPU.Build.0 = Debug|Any CPU
		{DF3B0175-E91D-4EE5-AB10-BE73E6D51D3C}.Release|Any CPU.ActiveCfg = Release|Any CPU
		{DF3B0175-E91D-4EE5-AB10-BE73E6D51D3C}.Release|Any CPU.Build.0 = Release|Any CPU
	EndGlobalSection
	GlobalSection(SolutionProperties) = preSolution
		HideSolutionNode = FALSE
	EndGlobalSection
	GlobalSection(ExtensibilityGlobals) = postSolution
		SolutionGuid = {CC44C83C-5424-4027-A655-4988FB10E3E2}
	EndGlobalSection
EndGlobal
